
Microsoft Visual Studio Solution File, Format Version 12.00
# Visual Studio 15
VisualStudioVersion = 15.0.27004.2002
MinimumVisualStudioVersion = 10.0.40219.1
Project("{FAE04EC0-301F-11D3-BF4B-00C04F79EFBC}") = "URL-Parser", "URL-Parser\URL-Parser.csproj", "{AC84CCB8-DA90-42FB-B221-724D7F4CE52F}"
EndProject
Global
	GlobalSection(SolutionConfigurationPlatforms) = preSolution
		Debug|Any CPU = Debug|Any CPU
		Release|Any CPU = Release|Any CPU
	EndGlobalSection
	GlobalSection(ProjectConfigurationPlatforms) = postSolution
		{AC84CCB8-DA90-42FB-B221-724D7F4CE52F}.Debug|Any CPU.ActiveCfg = Debug|Any CPU
		{AC84CCB8-DA90-42FB-B221-724D7F4CE52F}.Debug|Any CPU.Build.0 = Debug|Any CPU
		{AC84CCB8-DA90-42FB-B221-724D7F4CE52F}.Release|Any CPU.ActiveCfg = Release|Any CPU
		{AC84CCB8-DA90-42FB-B221-724D7F4CE52F}.Release|Any CPU.Build.0 = Release|Any CPU
	EndGlobalSection
	GlobalSection(SolutionProperties) = preSolution
		HideSolutionNode = FALSE
	EndGlobalSection
	GlobalSection(ExtensibilityGlobals) = postSolution
		SolutionGuid = {E653E47F-EE82-4AA0-9C59-C3027EB50216}
	EndGlobalSection
EndGlobal
