
Microsoft Visual Studio Solution File, Format Version 12.00
# Visual Studio 15
VisualStudioVersion = 15.0.27004.2002
MinimumVisualStudioVersion = 10.0.40219.1
Project("{FAE04EC0-301F-11D3-BF4B-00C04F79EFBC}") = "Collections", "Collections\Collections.csproj", "{844020E7-78C7-4CCD-ABA7-FF824BD87192}"
EndProject
Project("{FAE04EC0-301F-11D3-BF4B-00C04F79EFBC}") = "Collections.Tests", "Collections.Tests\Collections.Tests.csproj", "{2A387F6F-2D88-4A04-AB19-16723257E446}"
EndProject
Project("{FAE04EC0-301F-11D3-BF4B-00C04F79EFBC}") = "Matrix", "Matrix\Matrix.csproj", "{E1A6923E-1F5D-44C3-9FB2-4FDCADD53D70}"
EndProject
Project("{FAE04EC0-301F-11D3-BF4B-00C04F79EFBC}") = "Matrix.Tests", "Matrix.Tests\Matrix.Tests.csproj", "{9AE467CF-1956-4C20-AADD-F5642DC2C703}"
EndProject
Global
	GlobalSection(SolutionConfigurationPlatforms) = preSolution
		Debug|Any CPU = Debug|Any CPU
		Release|Any CPU = Release|Any CPU
	EndGlobalSection
	GlobalSection(ProjectConfigurationPlatforms) = postSolution
		{844020E7-78C7-4CCD-ABA7-FF824BD87192}.Debug|Any CPU.ActiveCfg = Debug|Any CPU
		{844020E7-78C7-4CCD-ABA7-FF824BD87192}.Debug|Any CPU.Build.0 = Debug|Any CPU
		{844020E7-78C7-4CCD-ABA7-FF824BD87192}.Release|Any CPU.ActiveCfg = Release|Any CPU
		{844020E7-78C7-4CCD-ABA7-FF824BD87192}.Release|Any CPU.Build.0 = Release|Any CPU
		{2A387F6F-2D88-4A04-AB19-16723257E446}.Debug|Any CPU.ActiveCfg = Debug|Any CPU
		{2A387F6F-2D88-4A04-AB19-16723257E446}.Debug|Any CPU.Build.0 = Debug|Any CPU
		{2A387F6F-2D88-4A04-AB19-16723257E446}.Release|Any CPU.ActiveCfg = Release|Any CPU
		{2A387F6F-2D88-4A04-AB19-16723257E446}.Release|Any CPU.Build.0 = Release|Any CPU
		{E1A6923E-1F5D-44C3-9FB2-4FDCADD53D70}.Debug|Any CPU.ActiveCfg = Debug|Any CPU
		{E1A6923E-1F5D-44C3-9FB2-4FDCADD53D70}.Debug|Any CPU.Build.0 = Debug|Any CPU
		{E1A6923E-1F5D-44C3-9FB2-4FDCADD53D70}.Release|Any CPU.ActiveCfg = Release|Any CPU
		{E1A6923E-1F5D-44C3-9FB2-4FDCADD53D70}.Release|Any CPU.Build.0 = Release|Any CPU
		{9AE467CF-1956-4C20-AADD-F5642DC2C703}.Debug|Any CPU.ActiveCfg = Debug|Any CPU
		{9AE467CF-1956-4C20-AADD-F5642DC2C703}.Debug|Any CPU.Build.0 = Debug|Any CPU
		{9AE467CF-1956-4C20-AADD-F5642DC2C703}.Release|Any CPU.ActiveCfg = Release|Any CPU
		{9AE467CF-1956-4C20-AADD-F5642DC2C703}.Release|Any CPU.Build.0 = Release|Any CPU
	EndGlobalSection
	GlobalSection(SolutionProperties) = preSolution
		HideSolutionNode = FALSE
	EndGlobalSection
	GlobalSection(ExtensibilityGlobals) = postSolution
		SolutionGuid = {6459699F-94A1-498B-B736-420D09E65429}
	EndGlobalSection
EndGlobal
